
Microsoft Visual Studio Solution File, Format Version 12.00
# Visual Studio 2013
VisualStudioVersion = 12.0.31101.0
MinimumVisualStudioVersion = 10.0.40219.1
Project("{FAE04EC0-301F-11D3-BF4B-00C04F79EFBC}") = "Eliason.TextEditor", "Eliason.TextEditor\Eliason.TextEditor.csproj", "{68942E75-5200-4B1D-B420-ABD485BAB8B5}"
EndProject
Project("{FAE04EC0-301F-11D3-BF4B-00C04F79EFBC}") = "Eliason.TextEditor.UI", "Eliason.TextEditor.UI\Eliason.TextEditor.UI.csproj", "{372FAB90-2F40-4B0C-B842-9465ABC7C0A0}"
EndProject
Global
	GlobalSection(SolutionConfigurationPlatforms) = preSolution
		Debug|Any CPU = Debug|Any CPU
		Release|Any CPU = Release|Any CPU
	EndGlobalSection
	GlobalSection(ProjectConfigurationPlatforms) = postSolution
		{68942E75-5200-4B1D-B420-ABD485BAB8B5}.Debug|Any CPU.ActiveCfg = Debug|Any CPU
		{68942E75-5200-4B1D-B420-ABD485BAB8B5}.Debug|Any CPU.Build.0 = Debug|Any CPU
		{68942E75-5200-4B1D-B420-ABD485BAB8B5}.Release|Any CPU.ActiveCfg = Release|Any CPU
		{68942E75-5200-4B1D-B420-ABD485BAB8B5}.Release|Any CPU.Build.0 = Release|Any CPU
		{372FAB90-2F40-4B0C-B842-9465ABC7C0A0}.Debug|Any CPU.ActiveCfg = Debug|Any CPU
		{372FAB90-2F40-4B0C-B842-9465ABC7C0A0}.Debug|Any CPU.Build.0 = Debug|Any CPU
		{372FAB90-2F40-4B0C-B842-9465ABC7C0A0}.Release|Any CPU.ActiveCfg = Release|Any CPU
		{372FAB90-2F40-4B0C-B842-9465ABC7C0A0}.Release|Any CPU.Build.0 = Release|Any CPU
	EndGlobalSection
	GlobalSection(SolutionProperties) = preSolution
		HideSolutionNode = FALSE
	EndGlobalSection
EndGlobal
